
Microsoft Visual Studio Solution File, Format Version 12.00
# Visual Studio Version 16
VisualStudioVersion = 16.0.30114.105
MinimumVisualStudioVersion = 10.0.40219.1
Project("{2150E333-8FDC-42A3-9474-1A3956D46DE8}") = "src", "src", "{71A53034-AD80-4394-83B5-13731B6BE631}"
EndProject
Project("{FAE04EC0-301F-11D3-BF4B-00C04F79EFBC}") = "MinApi", "src\MinApi\MinApi.csproj", "{719455BC-D19B-4C77-BA14-F3675915A23C}"
EndProject
Global
	GlobalSection(SolutionConfigurationPlatforms) = preSolution
		Debug|Any CPU = Debug|Any CPU
		Release|Any CPU = Release|Any CPU
	EndGlobalSection
	GlobalSection(SolutionProperties) = preSolution
		HideSolutionNode = FALSE
	EndGlobalSection
	GlobalSection(ProjectConfigurationPlatforms) = postSolution
		{719455BC-D19B-4C77-BA14-F3675915A23C}.Debug|Any CPU.ActiveCfg = Debug|Any CPU
		{719455BC-D19B-4C77-BA14-F3675915A23C}.Debug|Any CPU.Build.0 = Debug|Any CPU
		{719455BC-D19B-4C77-BA14-F3675915A23C}.Release|Any CPU.ActiveCfg = Release|Any CPU
		{719455BC-D19B-4C77-BA14-F3675915A23C}.Release|Any CPU.Build.0 = Release|Any CPU
	EndGlobalSection
	GlobalSection(NestedProjects) = preSolution
		{719455BC-D19B-4C77-BA14-F3675915A23C} = {71A53034-AD80-4394-83B5-13731B6BE631}
	EndGlobalSection
EndGlobal
